
Microsoft Visual Studio Solution File, Format Version 12.00
# Visual Studio Version 16
VisualStudioVersion = 16.0.29613.14
MinimumVisualStudioVersion = 10.0.40219.1
Project("{9A19103F-16F7-4668-BE54-9A1E7A4F7556}") = "PcrTestAPI", "PcrTestAPI\PcrTestAPI.csproj", "{0FB7621B-6547-460C-9CBD-CDF4744C3D05}"
EndProject
Global
	GlobalSection(SolutionConfigurationPlatforms) = preSolution
		Debug|Any CPU = Debug|Any CPU
		Release|Any CPU = Release|Any CPU
	EndGlobalSection
	GlobalSection(ProjectConfigurationPlatforms) = postSolution
		{0FB7621B-6547-460C-9CBD-CDF4744C3D05}.Debug|Any CPU.ActiveCfg = Debug|Any CPU
		{0FB7621B-6547-460C-9CBD-CDF4744C3D05}.Debug|Any CPU.Build.0 = Debug|Any CPU
		{0FB7621B-6547-460C-9CBD-CDF4744C3D05}.Release|Any CPU.ActiveCfg = Release|Any CPU
		{0FB7621B-6547-460C-9CBD-CDF4744C3D05}.Release|Any CPU.Build.0 = Release|Any CPU
	EndGlobalSection
	GlobalSection(SolutionProperties) = preSolution
		HideSolutionNode = FALSE
	EndGlobalSection
	GlobalSection(ExtensibilityGlobals) = postSolution
		SolutionGuid = {FB664D15-72C7-4AAB-8EE3-ADC57052FD1A}
	EndGlobalSection
EndGlobal
